# DO NOT EDIT THIS FILE!!!!
declares:
  basics:
    appid: '100021'
  services:
    varB1:
      class: com.tencent.raft.debugdata.declare.B
      scope: Prototype
    varB2:
      class: com.tencent.raft.debugdata.declare.B
      scope: Prototype
    varA1:
      class: com.tencent.raft.debugdata.declare.A
      scope: Prototype
      init-method:
        args:
          -
            a_nameB: $declares.varB2
    varD:
      class: com.tencent.raft.debugdata.declare.D
      init-method:
        args:
          -
            d_nameA: $declares.varA1
          -
            d_nameB: $declares.varB1
    varE:
      class: com.tencent.raft.debugdata.declare.E
      init-method:
        args:
          -
            e_nameB: $declares.varB1
    varC:
      class: com.tencent.raft.debugdata.declare.C
      init-method:
        args:
          -
            c_nameB: $declares.varB2
    varF:
      class: com.tencent.raft.debugdata.declare.F
      init-method:
        args:
          -
            f_nameA: $declares.varA1
          -
            f_nameC: $declares.varC
    config1:
      class: com.tencent.raft.debugdata.TestConfig
      init-method:
        args:
          -
            appId: 100003333
          -
            buildNum: buildNum
          -
            qua: qua_2
configs:
  services:
    -
      interface: com.tencent.raft.debugdata.declare.IG
      class: com.tencent.raft.debugdata.declare.G
      init-method:
        args:
          -
            g_nameD: $declares.varD
          -
            g_nameE: $declares.varE
          -
            g_nameF: $declares.varF
      __from: app
    -
      class: com.tencent.raft.debugdata.service.ServiceA
      scope: Prototype
      init-method:
        args:
          -
            name: serviceAconfigName
          -
            age: 18
      properties:
        -
          propertiesName: propertiesName
        -
          propertiesAge: 1000
      __from: app
    -
      class: com.tencent.raft.debugdata.service.ServiceC
      scope: Prototype
      factory-method:
        name: getInstance
        args:
          -
            name: serviceCconfigName
          -
            age: 30
      __from: app
    -
      class: com.tencent.raft.debugdata.service.ServiceF
      init-method:
        args:
          -
            serviceA:
              service:
                class: com.tencent.raft.debugdata.service.ServiceA
      __from: app
    -
      class: com.tencent.raft.debugdata.service.ServiceG
      init-method:
        args:
          -
            serviceA:
              service:
                class: com.tencent.raft.debugdata.service.ServiceA
                scope: Prototype
                init-method:
                  args:
                    -
                      name: writeInArgs
                    -
                      age: 100
                properties:
                  -
                    propertiesName: writeInArgsProperties
                  -
                    propertiesAge: 108
      __from: app
    -
      class: com.tencent.raft.debugdata.service.ServiceSingletonA
      scope: Singleton
      init-method:
        args:
          -
            name: $backend.ServiceAName
          -
            age: 18
      __from: app
    -
      class: com.tencent.raft.debugdata.service.ServiceWeakA
      scope: WeakSingleton
      init-method:
        args:
          -
            name: serviceAconfigName
          -
            age: 18
      __from: app
    -
      class: com.tencent.raft.debugdata.service.ServiceInvalidateConstructorA
      scope: WeakSingleton
      init-method:
        args:
          -
            name: serviceAconfigName
          -
            age: 18
      __from: app
    -
      class: com.tencent.raft.debugdata.service.ServiceInvalidateFactoryA
      scope: WeakSingleton
      init-method:
        args:
          -
            name: serviceAconfigName
          -
            age: 18
      __from: app
    -
      class: com.tencent.raft.debugdata.service.ServiceInvalidateScopeA
      scope: invalidate
      init-method:
        args:
          -
            name: serviceAconfigName
          -
            age: 18
      __from: app
    -
      class: com.tencent.raft.debugdata.kotlin.ServiceInitArgs
      scope: Prototype
      init-method:
        args:
          -
            name: KotlinServiceInitArgs
          -
            age: 1001
      __from: app
    -
      class: com.tencent.raft.debugdata.declare.A
      scope: Prototype
      args:
        -
          a_nameB:
            service:
              class: com.tencent.raft.debugdata.declare.B
      __from: app
